{
  "name": "sap.viz.sample.bubble",
  "version": "1.0.0",
  "lockfileVersion": 1,
  "requires": true,
  "dependencies": {
    "@openui5/ts-types": {
      "version": "1.60.5",
      "resolved": "https://registry.npmjs.org/@openui5/ts-types/-/ts-types-1.60.5.tgz",
      "integrity": "sha512-syzrhxH1JNfYS+FccnPUjxsGwQhW3mvwJpx1oQhZhh7VM7matWstLH9ObPtI3oPj3SO+IMgjpyBjzSUHZo5r4A==",
      "dev": true
    },
    "@sapui5/ts-types": {
      "version": "1.85.0",
      "resolved": "https://registry.npmjs.org/@sapui5/ts-types/-/ts-types-1.85.0.tgz",
      "integrity": "sha512-zpyShvkliVtVkLTTEJUZST6Hq2n09/rMoKLefX7IPcKdThvQTw+zfdF8T1NmcHS+fSunVamKOTy5FZMVZvlcGg=="
    }
  }
}
